# Tags rolled onto the node by Skalpai's image watches — WRITTEN BY THE
# ROLL, not by hand. image-watches.yaml declares what to watch; this
# file is a journal of what actually shipped, so `git log` answers what
# was live when. No deploy reads it: the node keeps a rolled image on
# its own until deploy.yaml changes that service's tag. Editing this
# file changes nothing: the next roll overwrites it.
# last updated: 2026-09-12T15:54:09Z
tags:
  lalternative-www: "20260912-1551-1d64905ad9b4"
